{
  "nodes": {
    "nixpkgs": {
      "locked": {
        "lastModified": 1787828807,
        "narHash": "sha256-xZ9ZRTzmiQ4tAmmNdRV/SLv8nME/Dmky5pGMCgoryWs=",
        "owner": "nixos",
        "repo": "nixpkgs",
        "rev": "4083a0d5079724eedff8f6a1e61e182aa4c93e88",
        "type": "github"
      },
      "original": {
        "owner": "nixos",
        "ref": "master",
        "repo": "nixpkgs",
        "type": "github"
      }
    },
    "root": {
      "inputs": {
        "nixpkgs": "nixpkgs"
      }
    }
  },
  "root": "root",
  "version": 7
}
